
Microsoft Visual Studio Solution File, Format Version 12.00
# Visual Studio Version 17
VisualStudioVersion = 17.9.34714.143
MinimumVisualStudioVersion = 10.0.40219.1
Project("{FAE04EC0-301F-11D3-BF4B-00C04F79EFBC}") = "LaboratoryWork_9.2", "LaboratoryWork_9.2.csproj", "{F9593DAE-31C9-4508-83C5-65D670263186}"
EndProject
Global
	GlobalSection(SolutionConfigurationPlatforms) = preSolution
		Debug|Any CPU = Debug|Any CPU
		Release|Any CPU = Release|Any CPU
	EndGlobalSection
	GlobalSection(ProjectConfigurationPlatforms) = postSolution
		{F9593DAE-31C9-4508-83C5-65D670263186}.Debug|Any CPU.ActiveCfg = Debug|Any CPU
		{F9593DAE-31C9-4508-83C5-65D670263186}.Debug|Any CPU.Build.0 = Debug|Any CPU
		{F9593DAE-31C9-4508-83C5-65D670263186}.Release|Any CPU.ActiveCfg = Release|Any CPU
		{F9593DAE-31C9-4508-83C5-65D670263186}.Release|Any CPU.Build.0 = Release|Any CPU
	EndGlobalSection
	GlobalSection(SolutionProperties) = preSolution
		HideSolutionNode = FALSE
	EndGlobalSection
	GlobalSection(ExtensibilityGlobals) = postSolution
		SolutionGuid = {7EB19123-9BEF-48BE-95C4-A4FE9E8E81B0}
	EndGlobalSection
EndGlobal
