
Microsoft Visual Studio Solution File, Format Version 12.00
# Visual Studio Version 17
VisualStudioVersion = 17.9.34714.143
MinimumVisualStudioVersion = 10.0.40219.1
Project("{9A19103F-16F7-4668-BE54-9A1E7A4F7556}") = "PracticalWork-6.1", "PracticalWork-6.1.csproj", "{A3BCCE21-FCB0-4C2D-8230-2C57C397F66B}"
EndProject
Global
	GlobalSection(SolutionConfigurationPlatforms) = preSolution
		Debug|Any CPU = Debug|Any CPU
		Release|Any CPU = Release|Any CPU
	EndGlobalSection
	GlobalSection(ProjectConfigurationPlatforms) = postSolution
		{A3BCCE21-FCB0-4C2D-8230-2C57C397F66B}.Debug|Any CPU.ActiveCfg = Debug|Any CPU
		{A3BCCE21-FCB0-4C2D-8230-2C57C397F66B}.Debug|Any CPU.Build.0 = Debug|Any CPU
		{A3BCCE21-FCB0-4C2D-8230-2C57C397F66B}.Release|Any CPU.ActiveCfg = Release|Any CPU
		{A3BCCE21-FCB0-4C2D-8230-2C57C397F66B}.Release|Any CPU.Build.0 = Release|Any CPU
	EndGlobalSection
	GlobalSection(SolutionProperties) = preSolution
		HideSolutionNode = FALSE
	EndGlobalSection
	GlobalSection(ExtensibilityGlobals) = postSolution
		SolutionGuid = {0530DA63-DFAE-464C-BDF6-820590FD75A8}
	EndGlobalSection
EndGlobal
