
Microsoft Visual Studio Solution File, Format Version 12.00
# Visual Studio Version 17
VisualStudioVersion = 17.9.34714.143
MinimumVisualStudioVersion = 10.0.40219.1
Project("{FAE04EC0-301F-11D3-BF4B-00C04F79EFBC}") = "ДомашнееЗадание_4", "ДомашнееЗадание_4.csproj", "{4C575FA2-63AB-4E3D-9356-27C1C60AEB93}"
EndProject
Global
	GlobalSection(SolutionConfigurationPlatforms) = preSolution
		Debug|Any CPU = Debug|Any CPU
		Release|Any CPU = Release|Any CPU
	EndGlobalSection
	GlobalSection(ProjectConfigurationPlatforms) = postSolution
		{4C575FA2-63AB-4E3D-9356-27C1C60AEB93}.Debug|Any CPU.ActiveCfg = Debug|Any CPU
		{4C575FA2-63AB-4E3D-9356-27C1C60AEB93}.Debug|Any CPU.Build.0 = Debug|Any CPU
		{4C575FA2-63AB-4E3D-9356-27C1C60AEB93}.Release|Any CPU.ActiveCfg = Release|Any CPU
		{4C575FA2-63AB-4E3D-9356-27C1C60AEB93}.Release|Any CPU.Build.0 = Release|Any CPU
	EndGlobalSection
	GlobalSection(SolutionProperties) = preSolution
		HideSolutionNode = FALSE
	EndGlobalSection
	GlobalSection(ExtensibilityGlobals) = postSolution
		SolutionGuid = {9B71EC52-BCBF-4EE1-A53A-C0D68F0B110B}
	EndGlobalSection
EndGlobal
